
Microsoft Visual Studio Solution File, Format Version 12.00
# Visual Studio 15
VisualStudioVersion = 15.0.26124.0
MinimumVisualStudioVersion = 15.0.26124.0
Project("{FAE04EC0-301F-11D3-BF4B-00C04F79EFBC}") = "MicroService.Web", "MicroService.Web\MicroService.Web.csproj", "{3A5C07B3-6290-4E7E-9B1C-217BEE9179E1}"
EndProject
Project("{FAE04EC0-301F-11D3-BF4B-00C04F79EFBC}") = "MicroService.Data", "MicroService.Data\MicroService.Data.csproj", "{871D158A-0017-400B-B04D-7DF2D3926C67}"
EndProject
Global
	GlobalSection(SolutionConfigurationPlatforms) = preSolution
		Debug|Any CPU = Debug|Any CPU
		Debug|x64 = Debug|x64
		Debug|x86 = Debug|x86
		Release|Any CPU = Release|Any CPU
		Release|x64 = Release|x64
		Release|x86 = Release|x86
	EndGlobalSection
	GlobalSection(SolutionProperties) = preSolution
		HideSolutionNode = FALSE
	EndGlobalSection
	GlobalSection(ProjectConfigurationPlatforms) = postSolution
		{3A5C07B3-6290-4E7E-9B1C-217BEE9179E1}.Debug|Any CPU.ActiveCfg = Debug|Any CPU
		{3A5C07B3-6290-4E7E-9B1C-217BEE9179E1}.Debug|Any CPU.Build.0 = Debug|Any CPU
		{3A5C07B3-6290-4E7E-9B1C-217BEE9179E1}.Debug|x64.ActiveCfg = Debug|Any CPU
		{3A5C07B3-6290-4E7E-9B1C-217BEE9179E1}.Debug|x64.Build.0 = Debug|Any CPU
		{3A5C07B3-6290-4E7E-9B1C-217BEE9179E1}.Debug|x86.ActiveCfg = Debug|Any CPU
		{3A5C07B3-6290-4E7E-9B1C-217BEE9179E1}.Debug|x86.Build.0 = Debug|Any CPU
		{3A5C07B3-6290-4E7E-9B1C-217BEE9179E1}.Release|Any CPU.ActiveCfg = Release|Any CPU
		{3A5C07B3-6290-4E7E-9B1C-217BEE9179E1}.Release|Any CPU.Build.0 = Release|Any CPU
		{3A5C07B3-6290-4E7E-9B1C-217BEE9179E1}.Release|x64.ActiveCfg = Release|Any CPU
		{3A5C07B3-6290-4E7E-9B1C-217BEE9179E1}.Release|x64.Build.0 = Release|Any CPU
		{3A5C07B3-6290-4E7E-9B1C-217BEE9179E1}.Release|x86.ActiveCfg = Release|Any CPU
		{3A5C07B3-6290-4E7E-9B1C-217BEE9179E1}.Release|x86.Build.0 = Release|Any CPU
		{DB3EE4F5-92F0-4D3C-A67E-803093A00253}.Debug|Any CPU.ActiveCfg = Debug|Any CPU
		{DB3EE4F5-92F0-4D3C-A67E-803093A00253}.Debug|Any CPU.Build.0 = Debug|Any CPU
		{DB3EE4F5-92F0-4D3C-A67E-803093A00253}.Debug|x64.ActiveCfg = Debug|Any CPU
		{DB3EE4F5-92F0-4D3C-A67E-803093A00253}.Debug|x64.Build.0 = Debug|Any CPU
		{DB3EE4F5-92F0-4D3C-A67E-803093A00253}.Debug|x86.ActiveCfg = Debug|Any CPU
		{DB3EE4F5-92F0-4D3C-A67E-803093A00253}.Debug|x86.Build.0 = Debug|Any CPU
		{DB3EE4F5-92F0-4D3C-A67E-803093A00253}.Release|Any CPU.ActiveCfg = Release|Any CPU
		{DB3EE4F5-92F0-4D3C-A67E-803093A00253}.Release|Any CPU.Build.0 = Release|Any CPU
		{DB3EE4F5-92F0-4D3C-A67E-803093A00253}.Release|x64.ActiveCfg = Release|Any CPU
		{DB3EE4F5-92F0-4D3C-A67E-803093A00253}.Release|x64.Build.0 = Release|Any CPU
		{DB3EE4F5-92F0-4D3C-A67E-803093A00253}.Release|x86.ActiveCfg = Release|Any CPU
		{DB3EE4F5-92F0-4D3C-A67E-803093A00253}.Release|x86.Build.0 = Release|Any CPU
		{871D158A-0017-400B-B04D-7DF2D3926C67}.Debug|Any CPU.ActiveCfg = Debug|Any CPU
		{871D158A-0017-400B-B04D-7DF2D3926C67}.Debug|Any CPU.Build.0 = Debug|Any CPU
		{871D158A-0017-400B-B04D-7DF2D3926C67}.Debug|x64.ActiveCfg = Debug|Any CPU
		{871D158A-0017-400B-B04D-7DF2D3926C67}.Debug|x64.Build.0 = Debug|Any CPU
		{871D158A-0017-400B-B04D-7DF2D3926C67}.Debug|x86.ActiveCfg = Debug|Any CPU
		{871D158A-0017-400B-B04D-7DF2D3926C67}.Debug|x86.Build.0 = Debug|Any CPU
		{871D158A-0017-400B-B04D-7DF2D3926C67}.Release|Any CPU.ActiveCfg = Release|Any CPU
		{871D158A-0017-400B-B04D-7DF2D3926C67}.Release|Any CPU.Build.0 = Release|Any CPU
		{871D158A-0017-400B-B04D-7DF2D3926C67}.Release|x64.ActiveCfg = Release|Any CPU
		{871D158A-0017-400B-B04D-7DF2D3926C67}.Release|x64.Build.0 = Release|Any CPU
		{871D158A-0017-400B-B04D-7DF2D3926C67}.Release|x86.ActiveCfg = Release|Any CPU
		{871D158A-0017-400B-B04D-7DF2D3926C67}.Release|x86.Build.0 = Release|Any CPU
	EndGlobalSection
EndGlobal
